
Microsoft Visual Studio Solution File, Format Version 12.00
# Visual Studio Version 16
VisualStudioVersion = 16.0.30320.27
MinimumVisualStudioVersion = 10.0.40219.1
Project("{FAE04EC0-301F-11D3-BF4B-00C04F79EFBC}") = "Y2conApp", "Y2conApp.csproj", "{F387A441-C73D-48BF-A661-C270EADAA9AC}"
EndProject
Global
	GlobalSection(SolutionConfigurationPlatforms) = preSolution
		Debug|Any CPU = Debug|Any CPU
		Release|Any CPU = Release|Any CPU
	EndGlobalSection
	GlobalSection(ProjectConfigurationPlatforms) = postSolution
		{F387A441-C73D-48BF-A661-C270EADAA9AC}.Debug|Any CPU.ActiveCfg = Debug|Any CPU
		{F387A441-C73D-48BF-A661-C270EADAA9AC}.Debug|Any CPU.Build.0 = Debug|Any CPU
		{F387A441-C73D-48BF-A661-C270EADAA9AC}.Release|Any CPU.ActiveCfg = Release|Any CPU
		{F387A441-C73D-48BF-A661-C270EADAA9AC}.Release|Any CPU.Build.0 = Release|Any CPU
	EndGlobalSection
	GlobalSection(SolutionProperties) = preSolution
		HideSolutionNode = FALSE
	EndGlobalSection
	GlobalSection(ExtensibilityGlobals) = postSolution
		SolutionGuid = {B1DB11FE-2D08-4AC4-AA12-C242D4A1F44F}
	EndGlobalSection
EndGlobal
